// !$*UTF8*$!
{
	archiveVersion = 1;
	classes = {
	};
	objectVersion = 56;
	objects = {

/* Begin PBXBuildFile section */
		057619652D8EB2500033737E /* AppDelegate.swift in Sources */ = {isa = PBXBuildFile; fileRef = 057619642D8EB2500033737E /* AppDelegate.swift */; };
		057619672D8EB2500033737E /* ViewController.swift in Sources */ = {isa = PBXBuildFile; fileRef = 057619662D8EB2500033737E /* ViewController.swift */; };
		057619692D8EB2510033737E /* Assets.xcassets in Resources */ = {isa = PBXBuildFile; fileRef = 057619682D8EB2510033737E /* Assets.xcassets */; };
		0576196C2D8EB2510033737E /* Base in Resources */ = {isa = PBXBuildFile; fileRef = 0576196B2D8EB2510033737E /* Base */; };
		057619772D8EB2520033737E /* StopwatchTests.swift in Sources */ = {isa = PBXBuildFile; fileRef = 057619762D8EB2520033737E /* StopwatchTests.swift */; };
		057619812D8EB2520033737E /* StopwatchUITests.swift in Sources */ = {isa = PBXBuildFile; fileRef = 057619802D8EB2520033737E /* StopwatchUITests.swift */; };
		057619832D8EB2520033737E /* StopwatchUITestsLaunchTests.swift in Sources */ = {isa = PBXBuildFile; fileRef = 057619822D8EB2520033737E /* StopwatchUITestsLaunchTests.swift */; };
/* End PBXBuildFile section */

/* Begin PBXContainerItemProxy section */
		057619732D8EB2520033737E /* PBXContainerItemProxy */ = {
			isa = PBXContainerItemProxy;
			containerPortal = 057619592D8EB2500033737E /* Project object */;
			proxyType = 1;
			remoteGlobalIDString = 057619602D8EB2500033737E;
			remoteInfo = Stopwatch;
		};
		0576197D2D8EB2520033737E /* PBXContainerItemProxy */ = {
			isa = PBXContainerItemProxy;
			containerPortal = 057619592D8EB2500033737E /* Project object */;
			proxyType = 1;
			remoteGlobalIDString = 057619602D8EB2500033737E;
			remoteInfo = Stopwatch;
		};
/* End PBXContainerItemProxy section */

/* Begin PBXFileReference section */
		057619612D8EB2500033737E /* Stopwatch.app */ = {isa = PBXFileReference; explicitFileType = wrapper.application; includeInIndex = 0; path = Stopwatch.app; sourceTree = BUILT_PRODUCTS_DIR; };
		057619642D8EB2500033737E /* AppDelegate.swift */ = {isa = PBXFileReference; lastKnownFileType = sourcecode.swift; path = AppDelegate.swift; sourceTree = "<group>"; };
		057619662D8EB2500033737E /* ViewController.swift */ = {isa = PBXFileReference; lastKnownFileType = sourcecode.swift; path = ViewController.swift; sourceTree = "<group>"; };
		057619682D8EB2510033737E /* Assets.xcassets */ = {isa = PBXFileReference; lastKnownFileType = folder.assetcatalog; path = Assets.xcassets; sourceTree = "<group>"; };
		0576196B2D8EB2510033737E /* Base */ = {isa = PBXFileReference; lastKnownFileType = file.storyboard; name = Base; path = Base.lproj/Main.storyboard; sourceTree = "<group>"; };
		0576196D2D8EB2510033737E /* Stopwatch.entitlements */ = {isa = PBXFileReference; lastKnownFileType = text.plist.entitlements; path = Stopwatch.entitlements; sourceTree = "<group>"; };
		057619722D8EB2520033737E /* StopwatchTests.xctest */ = {isa = PBXFileReference; explicitFileType = wrapper.cfbundle; includeInIndex = 0; path = StopwatchTests.xctest; sourceTree = BUILT_PRODUCTS_DIR; };
		057619762D8EB2520033737E /* StopwatchTests.swift */ = {isa = PBXFileReference; lastKnownFileType = sourcecode.swift; path = StopwatchTests.swift; sourceTree = "<group>"; };
		0576197C2D8EB2520033737E /* StopwatchUITests.xctest */ = {isa = PBXFileReference; explicitFileType = wrapper.cfbundle; includeInIndex = 0; path = StopwatchUITests.xctest; sourceTree = BUILT_PRODUCTS_DIR; };
		057619802D8EB2520033737E /* StopwatchUITests.swift */ = {isa = PBXFileReference; lastKnownFileType = sourcecode.swift; path = StopwatchUITests.swift; sourceTree = "<group>"; };
		057619822D8EB2520033737E /* StopwatchUITestsLaunchTests.swift */ = {isa = PBXFileReference; lastKnownFileType = sourcecode.swift; path = StopwatchUITestsLaunchTests.swift; sourceTree = "<group>"; };
/* End PBXFileReference section */

/* Begin PBXFrameworksBuildPhase section */
		0576195E2D8EB2500033737E /* Frameworks */ = {
			isa = PBXFrameworksBuildPhase;
			buildActionMask = 2147483647;
			files = (
			);
			runOnlyForDeploymentPostprocessing = 0;
		};
		0576196F2D8EB2520033737E /* Frameworks */ = {
			isa = PBXFrameworksBuildPhase;
			buildActionMask = 2147483647;
			files = (
			);
			runOnlyForDeploymentPostprocessing = 0;
		};
		057619792D8EB2520033737E /* Frameworks */ = {
			isa = PBXFrameworksBuildPhase;
			buildActionMask = 2147483647;
			files = (
			);
			runOnlyForDeploymentPostprocessing = 0;
		};
/* End PBXFrameworksBuildPhase section */

/* Begin PBXGroup section */
		057619582D8EB2500033737E = {
			isa = PBXGroup;
			children = (
				057619632D8EB2500033737E /* Stopwatch */,
				057619752D8EB2520033737E /* StopwatchTests */,
				0576197F2D8EB2520033737E /* StopwatchUITests */,
				057619622D8EB2500033737E /* Products */,
			);
			sourceTree = "<group>";
		};
		057619622D8EB2500033737E /* Products */ = {
			isa = PBXGroup;
			children = (
				057619612D8EB2500033737E /* Stopwatch.app */,
				057619722D8EB2520033737E /* StopwatchTests.xctest */,
				0576197C2D8EB2520033737E /* StopwatchUITests.xctest */,
			);
			name = Products;
			sourceTree = "<group>";
		};
		057619632D8EB2500033737E /* Stopwatch */ = {
			isa = PBXGroup;
			children = (
				057619642D8EB2500033737E /* AppDelegate.swift */,
				057619662D8EB2500033737E /* ViewController.swift */,
				057619682D8EB2510033737E /* Assets.xcassets */,
				0576196A2D8EB2510033737E /* Main.storyboard */,
				0576196D2D8EB2510033737E /* Stopwatch.entitlements */,
			);
			path = Stopwatch;
			sourceTree = "<group>";
		};
		057619752D8EB2520033737E /* StopwatchTests */ = {
			isa = PBXGroup;
			children = (
				057619762D8EB2520033737E /* StopwatchTests.swift */,
			);
			path = StopwatchTests;
			sourceTree = "<group>";
		};
		0576197F2D8EB2520033737E /* StopwatchUITests */ = {
			isa = PBXGroup;
			children = (
				057619802D8EB2520033737E /* StopwatchUITests.swift */,
				057619822D8EB2520033737E /* StopwatchUITestsLaunchTests.swift */,
			);
			path = StopwatchUITests;
			sourceTree = "<group>";
		};
/* End PBXGroup section */

/* Begin PBXNativeTarget section */
		057619602D8EB2500033737E /* Stopwatch */ = {
			isa = PBXNativeTarget;
			buildConfigurationList = 057619862D8EB2520033737E /* Build configuration list for PBXNativeTarget "Stopwatch" */;
			buildPhases = (
				0576195D2D8EB2500033737E /* Sources */,
				0576195E2D8EB2500033737E /* Frameworks */,
				0576195F2D8EB2500033737E /* Resources */,
			);
			buildRules = (
			);
			dependencies = (
			);
			name = Stopwatch;
			productName = Stopwatch;
			productReference = 057619612D8EB2500033737E /* Stopwatch.app */;
			productType = "com.apple.product-type.application";
		};
		057619712D8EB2520033737E /* StopwatchTests */ = {
			isa = PBXNativeTarget;
			buildConfigurationList = 057619892D8EB2520033737E /* Build configuration list for PBXNativeTarget "StopwatchTests" */;
			buildPhases = (
				0576196E2D8EB2520033737E /* Sources */,
				0576196F2D8EB2520033737E /* Frameworks */,
				057619702D8EB2520033737E /* Resources */,
			);
			buildRules = (
			);
			dependencies = (
				057619742D8EB2520033737E /* PBXTargetDependency */,
			);
			name = StopwatchTests;
			productName = StopwatchTests;
			productReference = 057619722D8EB2520033737E /* StopwatchTests.xctest */;
			productType = "com.apple.product-type.bundle.unit-test";
		};
		0576197B2D8EB2520033737E /* StopwatchUITests */ = {
			isa = PBXNativeTarget;
			buildConfigurationList = 0576198C2D8EB2520033737E /* Build configuration list for PBXNativeTarget "StopwatchUITests" */;
			buildPhases = (
				057619782D8EB2520033737E /* Sources */,
				057619792D8EB2520033737E /* Frameworks */,
				0576197A2D8EB2520033737E /* Resources */,
			);
			buildRules = (
			);
			dependencies = (
				0576197E2D8EB2520033737E /* PBXTargetDependency */,
			);
			name = StopwatchUITests;
			productName = StopwatchUITests;
			productReference = 0576197C2D8EB2520033737E /* StopwatchUITests.xctest */;
			productType = "com.apple.product-type.bundle.ui-testing";
		};
/* End PBXNativeTarget section */

/* Begin PBXProject section */
		057619592D8EB2500033737E /* Project object */ = {
			isa = PBXProject;
			attributes = {
				BuildIndependentTargetsInParallel = 1;
				LastSwiftUpdateCheck = 1540;
				LastUpgradeCheck = 1540;
				TargetAttributes = {
					057619602D8EB2500033737E = {
						CreatedOnToolsVersion = 15.4;
					};
					057619712D8EB2520033737E = {
						CreatedOnToolsVersion = 15.4;
						TestTargetID = 057619602D8EB2500033737E;
					};
					0576197B2D8EB2520033737E = {
						CreatedOnToolsVersion = 15.4;
						TestTargetID = 057619602D8EB2500033737E;
					};
				};
			};
			buildConfigurationList = 0576195C2D8EB2500033737E /* Build configuration list for PBXProject "Stopwatch" */;
			compatibilityVersion = "Xcode 14.0";
			developmentRegion = en;
			hasScannedForEncodings = 0;
			knownRegions = (
				en,
				Base,
			);
			mainGroup = 057619582D8EB2500033737E;
			productRefGroup = 057619622D8EB2500033737E /* Products */;
			projectDirPath = "";
			projectRoot = "";
			targets = (
				057619602D8EB2500033737E /* Stopwatch */,
				057619712D8EB2520033737E /* StopwatchTests */,
				0576197B2D8EB2520033737E /* StopwatchUITests */,
			);
		};
/* End PBXProject section */

/* Begin PBXResourcesBuildPhase section */
		0576195F2D8EB2500033737E /* Resources */ = {
			isa = PBXResourcesBuildPhase;
			buildActionMask = 2147483647;
			files = (
				057619692D8EB2510033737E /* Assets.xcassets in Resources */,
				0576196C2D8EB2510033737E /* Base in Resources */,
			);
			runOnlyForDeploymentPostprocessing = 0;
		};
		057619702D8EB2520033737E /* Resources */ = {
			isa = PBXResourcesBuildPhase;
			buildActionMask = 2147483647;
			files = (
			);
			runOnlyForDeploymentPostprocessing = 0;
		};
		0576197A2D8EB2520033737E /* Resources */ = {
			isa = PBXResourcesBuildPhase;
			buildActionMask = 2147483647;
			files = (
			);
			runOnlyForDeploymentPostprocessing = 0;
		};
/* End PBXResourcesBuildPhase section */

/* Begin PBXSourcesBuildPhase section */
		0576195D2D8EB2500033737E /* Sources */ = {
			isa = PBXSourcesBuildPhase;
			buildActionMask = 2147483647;
			files = (
				057619672D8EB2500033737E /* ViewController.swift in Sources */,
				057619652D8EB2500033737E /* AppDelegate.swift in Sources */,
			);
			runOnlyForDeploymentPostprocessing = 0;
		};
		0576196E2D8EB2520033737E /* Sources */ = {
			isa = PBXSourcesBuildPhase;
			buildActionMask = 2147483647;
			files = (
				057619772D8EB2520033737E /* StopwatchTests.swift in Sources */,
			);
			runOnlyForDeploymentPostprocessing = 0;
		};
		057619782D8EB2520033737E /* Sources */ = {
			isa = PBXSourcesBuildPhase;
			buildActionMask = 2147483647;
			files = (
				057619832D8EB2520033737E /* StopwatchUITestsLaunchTests.swift in Sources */,
				057619812D8EB2520033737E /* StopwatchUITests.swift in Sources */,
			);
			runOnlyForDeploymentPostprocessing = 0;
		};
/* End PBXSourcesBuildPhase section */

/* Begin PBXTargetDependency section */
		057619742D8EB2520033737E /* PBXTargetDependency */ = {
			isa = PBXTargetDependency;
			target = 057619602D8EB2500033737E /* Stopwatch */;
			targetProxy = 057619732D8EB2520033737E /* PBXContainerItemProxy */;
		};
		0576197E2D8EB2520033737E /* PBXTargetDependency */ = {
			isa = PBXTargetDependency;
			target = 057619602D8EB2500033737E /* Stopwatch */;
			targetProxy = 0576197D2D8EB2520033737E /* PBXContainerItemProxy */;
		};
/* End PBXTargetDependency section */

/* Begin PBXVariantGroup section */
		0576196A2D8EB2510033737E /* Main.storyboard */ = {
			isa = PBXVariantGroup;
			children = (
				0576196B2D8EB2510033737E /* Base */,
			);
			name = Main.storyboard;
			sourceTree = "<group>";
		};
/* End PBXVariantGroup section */

/* Begin XCBuildConfiguration section */
		057619842D8EB2520033737E /* Debug */ = {
			isa = XCBuildConfiguration;
			buildSettings = {
				ALWAYS_SEARCH_USER_PATHS = NO;
				ASSETCATALOG_COMPILER_GENERATE_SWIFT_ASSET_SYMBOL_EXTENSIONS = YES;
				CLANG_ANALYZER_NONNULL = YES;
				CLANG_ANALYZER_NUMBER_OBJECT_CONVERSION = YES_AGGRESSIVE;
				CLANG_CXX_LANGUAGE_STANDARD = "gnu++20";
				CLANG_ENABLE_MODULES = YES;
				CLANG_ENABLE_OBJC_ARC = YES;
				CLANG_ENABLE_OBJC_WEAK = YES;
				CLANG_WARN_BLOCK_CAPTURE_AUTORELEASING = YES;
				CLANG_WARN_BOOL_CONVERSION = YES;
				CLANG_WARN_COMMA = YES;
				CLANG_WARN_CONSTANT_CONVERSION = YES;
				CLANG_WARN_DEPRECATED_OBJC_IMPLEMENTATIONS = YES;
				CLANG_WARN_DIRECT_OBJC_ISA_USAGE = YES_ERROR;
				CLANG_WARN_DOCUMENTATION_COMMENTS = YES;
				CLANG_WARN_EMPTY_BODY = YES;
				CLANG_WARN_ENUM_CONVERSION = YES;
				CLANG_WARN_INFINITE_RECURSION = YES;
				CLANG_WARN_INT_CONVERSION = YES;
				CLANG_WARN_NON_LITERAL_NULL_CONVERSION = YES;
				CLANG_WARN_OBJC_IMPLICIT_RETAIN_SELF = YES;
				CLANG_WARN_OBJC_LITERAL_CONVERSION = YES;
				CLANG_WARN_OBJC_ROOT_CLASS = YES_ERROR;
				CLANG_WARN_QUOTED_INCLUDE_IN_FRAMEWORK_HEADER = YES;
				CLANG_WARN_RANGE_LOOP_ANALYSIS = YES;
				CLANG_WARN_STRICT_PROTOTYPES = YES;
				CLANG_WARN_SUSPICIOUS_MOVE = YES;
				CLANG_WARN_UNGUARDED_AVAILABILITY = YES_AGGRESSIVE;
				CLANG_WARN_UNREACHABLE_CODE = YES;
				CLANG_WARN__DUPLICATE_METHOD_MATCH = YES;
				COPY_PHASE_STRIP = NO;
				DEBUG_INFORMATION_FORMAT = dwarf;
				ENABLE_STRICT_OBJC_MSGSEND = YES;
				ENABLE_TESTABILITY = YES;
				ENABLE_USER_SCRIPT_SANDBOXING = YES;
				GCC_C_LANGUAGE_STANDARD = gnu17;
				GCC_DYNAMIC_NO_PIC = NO;
				GCC_NO_COMMON_BLOCKS = YES;
				GCC_OPTIMIZATION_LEVEL = 0;
				GCC_PREPROCESSOR_DEFINITIONS = (
					"DEBUG=1",
					"$(inherited)",
				);
				GCC_WARN_64_TO_32_BIT_CONVERSION = YES;
				GCC_WARN_ABOUT_RETURN_TYPE = YES_ERROR;
				GCC_WARN_UNDECLARED_SELECTOR = YES;
				GCC_WARN_UNINITIALIZED_AUTOS = YES_AGGRESSIVE;
				GCC_WARN_UNUSED_FUNCTION = YES;
				GCC_WARN_UNUSED_VARIABLE = YES;
				LOCALIZATION_PREFERS_STRING_CATALOGS = YES;
				MACOSX_DEPLOYMENT_TARGET = 14.5;
				MTL_ENABLE_DEBUG_INFO = INCLUDE_SOURCE;
				MTL_FAST_MATH = YES;
				ONLY_ACTIVE_ARCH = YES;
				SDKROOT = macosx;
				SWIFT_ACTIVE_COMPILATION_CONDITIONS = "DEBUG $(inherited)";
				SWIFT_OPTIMIZATION_LEVEL = "-Onone";
			};
			name = Debug;
		};
		057619852D8EB2520033737E /* Release */ = {
			isa = XCBuildConfiguration;
			buildSettings = {
				ALWAYS_SEARCH_USER_PATHS = NO;
				ASSETCATALOG_COMPILER_GENERATE_SWIFT_ASSET_SYMBOL_EXTENSIONS = YES;
				CLANG_ANALYZER_NONNULL = YES;
				CLANG_ANALYZER_NUMBER_OBJECT_CONVERSION = YES_AGGRESSIVE;
				CLANG_CXX_LANGUAGE_STANDARD = "gnu++20";
				CLANG_ENABLE_MODULES = YES;
				CLANG_ENABLE_OBJC_ARC = YES;
				CLANG_ENABLE_OBJC_WEAK = YES;
				CLANG_WARN_BLOCK_CAPTURE_AUTORELEASING = YES;
				CLANG_WARN_BOOL_CONVERSION = YES;
				CLANG_WARN_COMMA = YES;
				CLANG_WARN_CONSTANT_CONVERSION = YES;
				CLANG_WARN_DEPRECATED_OBJC_IMPLEMENTATIONS = YES;
				CLANG_WARN_DIRECT_OBJC_ISA_USAGE = YES_ERROR;
				CLANG_WARN_DOCUMENTATION_COMMENTS = YES;
				CLANG_WARN_EMPTY_BODY = YES;
				CLANG_WARN_ENUM_CONVERSION = YES;
				CLANG_WARN_INFINITE_RECURSION = YES;
				CLANG_WARN_INT_CONVERSION = YES;
				CLANG_WARN_NON_LITERAL_NULL_CONVERSION = YES;
				CLANG_WARN_OBJC_IMPLICIT_RETAIN_SELF = YES;
				CLANG_WARN_OBJC_LITERAL_CONVERSION = YES;
				CLANG_WARN_OBJC_ROOT_CLASS = YES_ERROR;
				CLANG_WARN_QUOTED_INCLUDE_IN_FRAMEWORK_HEADER = YES;
				CLANG_WARN_RANGE_LOOP_ANALYSIS = YES;
				CLANG_WARN_STRICT_PROTOTYPES = YES;
				CLANG_WARN_SUSPICIOUS_MOVE = YES;
				CLANG_WARN_UNGUARDED_AVAILABILITY = YES_AGGRESSIVE;
				CLANG_WARN_UNREACHABLE_CODE = YES;
				CLANG_WARN__DUPLICATE_METHOD_MATCH = YES;
				COPY_PHASE_STRIP = NO;
				DEBUG_INFORMATION_FORMAT = "dwarf-with-dsym";
				ENABLE_NS_ASSERTIONS = NO;
				ENABLE_STRICT_OBJC_MSGSEND = YES;
				ENABLE_USER_SCRIPT_SANDBOXING = YES;
				GCC_C_LANGUAGE_STANDARD = gnu17;
				GCC_NO_COMMON_BLOCKS = YES;
				GCC_WARN_64_TO_32_BIT_CONVERSION = YES;
				GCC_WARN_ABOUT_RETURN_TYPE = YES_ERROR;
				GCC_WARN_UNDECLARED_SELECTOR = YES;
				GCC_WARN_UNINITIALIZED_AUTOS = YES_AGGRESSIVE;
				GCC_WARN_UNUSED_FUNCTION = YES;
				GCC_WARN_UNUSED_VARIABLE = YES;
				LOCALIZATION_PREFERS_STRING_CATALOGS = YES;
				MACOSX_DEPLOYMENT_TARGET = 14.5;
				MTL_ENABLE_DEBUG_INFO = NO;
				MTL_FAST_MATH = YES;
				SDKROOT = macosx;
				SWIFT_COMPILATION_MODE = wholemodule;
			};
			name = Release;
		};
		057619872D8EB2520033737E /* Debug */ = {
			isa = XCBuildConfiguration;
			buildSettings = {
				ASSETCATALOG_COMPILER_APPICON_NAME = AppIcon;
				ASSETCATALOG_COMPILER_GLOBAL_ACCENT_COLOR_NAME = AccentColor;
				CODE_SIGN_ENTITLEMENTS = Stopwatch/Stopwatch.entitlements;
				CODE_SIGN_STYLE = Automatic;
				COMBINE_HIDPI_IMAGES = YES;
				CURRENT_PROJECT_VERSION = 1;
				GENERATE_INFOPLIST_FILE = YES;
				INFOPLIST_KEY_NSHumanReadableCopyright = "";
				INFOPLIST_KEY_NSMainStoryboardFile = Main;
				INFOPLIST_KEY_NSPrincipalClass = NSApplication;
				LD_RUNPATH_SEARCH_PATHS = (
					"$(inherited)",
					"@executable_path/../Frameworks",
				);
				MARKETING_VERSION = 1.0;
				PRODUCT_BUNDLE_IDENTIFIER = abbashaq.Stopwatch;
				PRODUCT_NAME = "$(TARGET_NAME)";
				SWIFT_EMIT_LOC_STRINGS = YES;
				SWIFT_VERSION = 5.0;
			};
			name = Debug;
		};
		057619882D8EB2520033737E /* Release */ = {
			isa = XCBuildConfiguration;
			buildSettings = {
				ASSETCATALOG_COMPILER_APPICON_NAME = AppIcon;
				ASSETCATALOG_COMPILER_GLOBAL_ACCENT_COLOR_NAME = AccentColor;
				CODE_SIGN_ENTITLEMENTS = Stopwatch/Stopwatch.entitlements;
				CODE_SIGN_STYLE = Automatic;
				COMBINE_HIDPI_IMAGES = YES;
				CURRENT_PROJECT_VERSION = 1;
				GENERATE_INFOPLIST_FILE = YES;
				INFOPLIST_KEY_NSHumanReadableCopyright = "";
				INFOPLIST_KEY_NSMainStoryboardFile = Main;
				INFOPLIST_KEY_NSPrincipalClass = NSApplication;
				LD_RUNPATH_SEARCH_PATHS = (
					"$(inherited)",
					"@executable_path/../Frameworks",
				);
				MARKETING_VERSION = 1.0;
				PRODUCT_BUNDLE_IDENTIFIER = abbashaq.Stopwatch;
				PRODUCT_NAME = "$(TARGET_NAME)";
				SWIFT_EMIT_LOC_STRINGS = YES;
				SWIFT_VERSION = 5.0;
			};
			name = Release;
		};
		0576198A2D8EB2520033737E /* Debug */ = {
			isa = XCBuildConfiguration;
			buildSettings = {
				ALWAYS_EMBED_SWIFT_STANDARD_LIBRARIES = YES;
				BUNDLE_LOADER = "$(TEST_HOST)";
				CODE_SIGN_STYLE = Automatic;
				CURRENT_PROJECT_VERSION = 1;
				GENERATE_INFOPLIST_FILE = YES;
				MACOSX_DEPLOYMENT_TARGET = 14.5;
				MARKETING_VERSION = 1.0;
				PRODUCT_BUNDLE_IDENTIFIER = abbashaq.StopwatchTests;
				PRODUCT_NAME = "$(TARGET_NAME)";
				SWIFT_EMIT_LOC_STRINGS = NO;
				SWIFT_VERSION = 5.0;
				TEST_HOST = "$(BUILT_PRODUCTS_DIR)/Stopwatch.app/$(BUNDLE_EXECUTABLE_FOLDER_PATH)/Stopwatch";
			};
			name = Debug;
		};
		0576198B2D8EB2520033737E /* Release */ = {
			isa = XCBuildConfiguration;
			buildSettings = {
				ALWAYS_EMBED_SWIFT_STANDARD_LIBRARIES = YES;
				BUNDLE_LOADER = "$(TEST_HOST)";
				CODE_SIGN_STYLE = Automatic;
				CURRENT_PROJECT_VERSION = 1;
				GENERATE_INFOPLIST_FILE = YES;
				MACOSX_DEPLOYMENT_TARGET = 14.5;
				MARKETING_VERSION = 1.0;
				PRODUCT_BUNDLE_IDENTIFIER = abbashaq.StopwatchTests;
				PRODUCT_NAME = "$(TARGET_NAME)";
				SWIFT_EMIT_LOC_STRINGS = NO;
				SWIFT_VERSION = 5.0;
				TEST_HOST = "$(BUILT_PRODUCTS_DIR)/Stopwatch.app/$(BUNDLE_EXECUTABLE_FOLDER_PATH)/Stopwatch";
			};
			name = Release;
		};
		0576198D2D8EB2520033737E /* Debug */ = {
			isa = XCBuildConfiguration;
			buildSettings = {
				ALWAYS_EMBED_SWIFT_STANDARD_LIBRARIES = YES;
				CODE_SIGN_STYLE = Automatic;
				CURRENT_PROJECT_VERSION = 1;
				GENERATE_INFOPLIST_FILE = YES;
				MARKETING_VERSION = 1.0;
				PRODUCT_BUNDLE_IDENTIFIER = abbashaq.StopwatchUITests;
				PRODUCT_NAME = "$(TARGET_NAME)";
				SWIFT_EMIT_LOC_STRINGS = NO;
				SWIFT_VERSION = 5.0;
				TEST_TARGET_NAME = Stopwatch;
			};
			name = Debug;
		};
		0576198E2D8EB2520033737E /* Release */ = {
			isa = XCBuildConfiguration;
			buildSettings = {
				ALWAYS_EMBED_SWIFT_STANDARD_LIBRARIES = YES;
				CODE_SIGN_STYLE = Automatic;
				CURRENT_PROJECT_VERSION = 1;
				GENERATE_INFOPLIST_FILE = YES;
				MARKETING_VERSION = 1.0;
				PRODUCT_BUNDLE_IDENTIFIER = abbashaq.StopwatchUITests;
				PRODUCT_NAME = "$(TARGET_NAME)";
				SWIFT_EMIT_LOC_STRINGS = NO;
				SWIFT_VERSION = 5.0;
				TEST_TARGET_NAME = Stopwatch;
			};
			name = Release;
		};
/* End XCBuildConfiguration section */

/* Begin XCConfigurationList section */
		0576195C2D8EB2500033737E /* Build configuration list for PBXProject "Stopwatch" */ = {
			isa = XCConfigurationList;
			buildConfigurations = (
				057619842D8EB2520033737E /* Debug */,
				057619852D8EB2520033737E /* Release */,
			);
			defaultConfigurationIsVisible = 0;
			defaultConfigurationName = Release;
		};
		057619862D8EB2520033737E /* Build configuration list for PBXNativeTarget "Stopwatch" */ = {
			isa = XCConfigurationList;
			buildConfigurations = (
				057619872D8EB2520033737E /* Debug */,
				057619882D8EB2520033737E /* Release */,
			);
			defaultConfigurationIsVisible = 0;
			defaultConfigurationName = Release;
		};
		057619892D8EB2520033737E /* Build configuration list for PBXNativeTarget "StopwatchTests" */ = {
			isa = XCConfigurationList;
			buildConfigurations = (
				0576198A2D8EB2520033737E /* Debug */,
				0576198B2D8EB2520033737E /* Release */,
			);
			defaultConfigurationIsVisible = 0;
			defaultConfigurationName = Release;
		};
		0576198C2D8EB2520033737E /* Build configuration list for PBXNativeTarget "StopwatchUITests" */ = {
			isa = XCConfigurationList;
			buildConfigurations = (
				0576198D2D8EB2520033737E /* Debug */,
				0576198E2D8EB2520033737E /* Release */,
			);
			defaultConfigurationIsVisible = 0;
			defaultConfigurationName = Release;
		};
/* End XCConfigurationList section */
	};
	rootObject = 057619592D8EB2500033737E /* Project object */;
}
